
Microsoft Visual Studio Solution File, Format Version 12.00
# Visual Studio Version 17
VisualStudioVersion = 17.10.35122.118
MinimumVisualStudioVersion = 10.0.40219.1
Project("{FAE04EC0-301F-11D3-BF4B-00C04F79EFBC}") = "1028_Chintya Amanda Firdausi_UTSPBO", "1028_Chintya Amanda Firdausi_UTSPBO\1028_Chintya Amanda Firdausi_UTSPBO.csproj", "{69317030-E88C-4A19-B869-83AD77E99DF7}"
EndProject
Global
	GlobalSection(SolutionConfigurationPlatforms) = preSolution
		Debug|Any CPU = Debug|Any CPU
		Release|Any CPU = Release|Any CPU
	EndGlobalSection
	GlobalSection(ProjectConfigurationPlatforms) = postSolution
		{69317030-E88C-4A19-B869-83AD77E99DF7}.Debug|Any CPU.ActiveCfg = Debug|Any CPU
		{69317030-E88C-4A19-B869-83AD77E99DF7}.Debug|Any CPU.Build.0 = Debug|Any CPU
		{69317030-E88C-4A19-B869-83AD77E99DF7}.Release|Any CPU.ActiveCfg = Release|Any CPU
		{69317030-E88C-4A19-B869-83AD77E99DF7}.Release|Any CPU.Build.0 = Release|Any CPU
	EndGlobalSection
	GlobalSection(SolutionProperties) = preSolution
		HideSolutionNode = FALSE
	EndGlobalSection
	GlobalSection(ExtensibilityGlobals) = postSolution
		SolutionGuid = {74CCB570-F134-4F24-86AE-F053171E1C99}
	EndGlobalSection
EndGlobal
